
Microsoft Visual Studio Solution File, Format Version 12.00
# Visual Studio Version 17
VisualStudioVersion = 17.11.35327.3
MinimumVisualStudioVersion = 10.0.40219.1
Project("{9A19103F-16F7-4668-BE54-9A1E7A4F7556}") = "Module16_FinalTask", "Module16_FinalTask\Module16_FinalTask.csproj", "{68059223-EBC5-476C-954B-518D2AE90303}"
EndProject
Project("{9A19103F-16F7-4668-BE54-9A1E7A4F7556}") = "Module16_FinalTask.Tests", "Module16_FinalTask.Tests\Module16_FinalTask.Tests.csproj", "{C363F2FF-2BB8-444D-A13C-A5EC93926632}"
EndProject
Global
	GlobalSection(SolutionConfigurationPlatforms) = preSolution
		Debug|Any CPU = Debug|Any CPU
		Release|Any CPU = Release|Any CPU
	EndGlobalSection
	GlobalSection(ProjectConfigurationPlatforms) = postSolution
		{68059223-EBC5-476C-954B-518D2AE90303}.Debug|Any CPU.ActiveCfg = Debug|Any CPU
		{68059223-EBC5-476C-954B-518D2AE90303}.Debug|Any CPU.Build.0 = Debug|Any CPU
		{68059223-EBC5-476C-954B-518D2AE90303}.Release|Any CPU.ActiveCfg = Release|Any CPU
		{68059223-EBC5-476C-954B-518D2AE90303}.Release|Any CPU.Build.0 = Release|Any CPU
		{C363F2FF-2BB8-444D-A13C-A5EC93926632}.Debug|Any CPU.ActiveCfg = Debug|Any CPU
		{C363F2FF-2BB8-444D-A13C-A5EC93926632}.Debug|Any CPU.Build.0 = Debug|Any CPU
		{C363F2FF-2BB8-444D-A13C-A5EC93926632}.Release|Any CPU.ActiveCfg = Release|Any CPU
		{C363F2FF-2BB8-444D-A13C-A5EC93926632}.Release|Any CPU.Build.0 = Release|Any CPU
	EndGlobalSection
	GlobalSection(SolutionProperties) = preSolution
		HideSolutionNode = FALSE
	EndGlobalSection
	GlobalSection(ExtensibilityGlobals) = postSolution
		SolutionGuid = {0A7AF1FF-7C14-4C04-B9FE-514FD3CD6AFD}
	EndGlobalSection
EndGlobal
